
Microsoft Visual Studio Solution File, Format Version 12.00
# Visual Studio 15
Project("{FAE04EC0-301F-11D3-BF4B-00C04F79EFBC}") = "Xamarin_test_ver2", "Xamarin_test_ver2\Xamarin_test_ver2\Xamarin_test_ver2.csproj", "{C621AEB8-50C6-45D9-9EB2-26BB6D14056C}"
EndProject
Project("{FAE04EC0-301F-11D3-BF4B-00C04F79EFBC}") = "Xamarin_test_ver2.Android", "Xamarin_test_ver2\Xamarin_test_ver2.Android\Xamarin_test_ver2.Android.csproj", "{2D082243-F9CE-4F13-9AB8-64F5E29C646A}"
EndProject
Project("{FAE04EC0-301F-11D3-BF4B-00C04F79EFBC}") = "Xamarin_test_ver2.iOS", "Xamarin_test_ver2\Xamarin_test_ver2.iOS\Xamarin_test_ver2.iOS.csproj", "{90AA49D7-1FC8-49D4-9007-FC91B5311BEF}"
EndProject
Global
	GlobalSection(SolutionConfigurationPlatforms) = preSolution
		Debug|Any CPU = Debug|Any CPU
		Release|Any CPU = Release|Any CPU
		Debug|iPhoneSimulator = Debug|iPhoneSimulator
		Release|iPhoneSimulator = Release|iPhoneSimulator
		Debug|iPhone = Debug|iPhone
		Release|iPhone = Release|iPhone
		Ad-Hoc|iPhone = Ad-Hoc|iPhone
		AppStore|iPhone = AppStore|iPhone
	EndGlobalSection
	GlobalSection(ProjectConfigurationPlatforms) = postSolution
		{C621AEB8-50C6-45D9-9EB2-26BB6D14056C}.Debug|Any CPU.ActiveCfg = Debug|Any CPU
		{C621AEB8-50C6-45D9-9EB2-26BB6D14056C}.Debug|Any CPU.Build.0 = Debug|Any CPU
		{C621AEB8-50C6-45D9-9EB2-26BB6D14056C}.Release|Any CPU.ActiveCfg = Release|Any CPU
		{C621AEB8-50C6-45D9-9EB2-26BB6D14056C}.Release|Any CPU.Build.0 = Release|Any CPU
		{C621AEB8-50C6-45D9-9EB2-26BB6D14056C}.Debug|iPhoneSimulator.ActiveCfg = Debug|Any CPU
		{C621AEB8-50C6-45D9-9EB2-26BB6D14056C}.Debug|iPhoneSimulator.Build.0 = Debug|Any CPU
		{C621AEB8-50C6-45D9-9EB2-26BB6D14056C}.Release|iPhoneSimulator.ActiveCfg = Release|Any CPU
		{C621AEB8-50C6-45D9-9EB2-26BB6D14056C}.Release|iPhoneSimulator.Build.0 = Release|Any CPU
		{C621AEB8-50C6-45D9-9EB2-26BB6D14056C}.Debug|iPhone.ActiveCfg = Debug|Any CPU
		{C621AEB8-50C6-45D9-9EB2-26BB6D14056C}.Debug|iPhone.Build.0 = Debug|Any CPU
		{C621AEB8-50C6-45D9-9EB2-26BB6D14056C}.Release|iPhone.ActiveCfg = Release|Any CPU
		{C621AEB8-50C6-45D9-9EB2-26BB6D14056C}.Release|iPhone.Build.0 = Release|Any CPU
		{C621AEB8-50C6-45D9-9EB2-26BB6D14056C}.Ad-Hoc|iPhone.ActiveCfg = Debug|Any CPU
		{C621AEB8-50C6-45D9-9EB2-26BB6D14056C}.Ad-Hoc|iPhone.Build.0 = Debug|Any CPU
		{C621AEB8-50C6-45D9-9EB2-26BB6D14056C}.AppStore|iPhone.ActiveCfg = Debug|Any CPU
		{C621AEB8-50C6-45D9-9EB2-26BB6D14056C}.AppStore|iPhone.Build.0 = Debug|Any CPU
		{2D082243-F9CE-4F13-9AB8-64F5E29C646A}.Debug|Any CPU.ActiveCfg = Debug|Any CPU
		{2D082243-F9CE-4F13-9AB8-64F5E29C646A}.Debug|Any CPU.Build.0 = Debug|Any CPU
		{2D082243-F9CE-4F13-9AB8-64F5E29C646A}.Release|Any CPU.ActiveCfg = Release|Any CPU
		{2D082243-F9CE-4F13-9AB8-64F5E29C646A}.Release|Any CPU.Build.0 = Release|Any CPU
		{2D082243-F9CE-4F13-9AB8-64F5E29C646A}.Debug|iPhoneSimulator.ActiveCfg = Debug|Any CPU
		{2D082243-F9CE-4F13-9AB8-64F5E29C646A}.Debug|iPhoneSimulator.Build.0 = Debug|Any CPU
		{2D082243-F9CE-4F13-9AB8-64F5E29C646A}.Release|iPhoneSimulator.ActiveCfg = Release|Any CPU
		{2D082243-F9CE-4F13-9AB8-64F5E29C646A}.Release|iPhoneSimulator.Build.0 = Release|Any CPU
		{2D082243-F9CE-4F13-9AB8-64F5E29C646A}.Debug|iPhone.ActiveCfg = Debug|Any CPU
		{2D082243-F9CE-4F13-9AB8-64F5E29C646A}.Debug|iPhone.Build.0 = Debug|Any CPU
		{2D082243-F9CE-4F13-9AB8-64F5E29C646A}.Release|iPhone.ActiveCfg = Release|Any CPU
		{2D082243-F9CE-4F13-9AB8-64F5E29C646A}.Release|iPhone.Build.0 = Release|Any CPU
		{2D082243-F9CE-4F13-9AB8-64F5E29C646A}.Ad-Hoc|iPhone.ActiveCfg = Debug|Any CPU
		{2D082243-F9CE-4F13-9AB8-64F5E29C646A}.Ad-Hoc|iPhone.Build.0 = Debug|Any CPU
		{2D082243-F9CE-4F13-9AB8-64F5E29C646A}.AppStore|iPhone.ActiveCfg = Debug|Any CPU
		{2D082243-F9CE-4F13-9AB8-64F5E29C646A}.AppStore|iPhone.Build.0 = Debug|Any CPU
		{90AA49D7-1FC8-49D4-9007-FC91B5311BEF}.Debug|Any CPU.ActiveCfg = Debug|iPhoneSimulator
		{90AA49D7-1FC8-49D4-9007-FC91B5311BEF}.Debug|Any CPU.Build.0 = Debug|iPhoneSimulator
		{90AA49D7-1FC8-49D4-9007-FC91B5311BEF}.Release|Any CPU.ActiveCfg = Release|iPhoneSimulator
		{90AA49D7-1FC8-49D4-9007-FC91B5311BEF}.Release|Any CPU.Build.0 = Release|iPhoneSimulator
		{90AA49D7-1FC8-49D4-9007-FC91B5311BEF}.Debug|iPhoneSimulator.ActiveCfg = Debug|iPhoneSimulator
		{90AA49D7-1FC8-49D4-9007-FC91B5311BEF}.Debug|iPhoneSimulator.Build.0 = Debug|iPhoneSimulator
		{90AA49D7-1FC8-49D4-9007-FC91B5311BEF}.Release|iPhoneSimulator.ActiveCfg = Release|iPhoneSimulator
		{90AA49D7-1FC8-49D4-9007-FC91B5311BEF}.Release|iPhoneSimulator.Build.0 = Release|iPhoneSimulator
		{90AA49D7-1FC8-49D4-9007-FC91B5311BEF}.Debug|iPhone.ActiveCfg = Debug|iPhone
		{90AA49D7-1FC8-49D4-9007-FC91B5311BEF}.Debug|iPhone.Build.0 = Debug|iPhone
		{90AA49D7-1FC8-49D4-9007-FC91B5311BEF}.Release|iPhone.ActiveCfg = Release|iPhone
		{90AA49D7-1FC8-49D4-9007-FC91B5311BEF}.Release|iPhone.Build.0 = Release|iPhone
		{90AA49D7-1FC8-49D4-9007-FC91B5311BEF}.Ad-Hoc|iPhone.ActiveCfg = Ad-Hoc|iPhone
		{90AA49D7-1FC8-49D4-9007-FC91B5311BEF}.Ad-Hoc|iPhone.Build.0 = Ad-Hoc|iPhone
		{90AA49D7-1FC8-49D4-9007-FC91B5311BEF}.AppStore|iPhone.ActiveCfg = AppStore|iPhone
		{90AA49D7-1FC8-49D4-9007-FC91B5311BEF}.AppStore|iPhone.Build.0 = AppStore|iPhone
	EndGlobalSection
EndGlobal
